
Microsoft Visual Studio Solution File, Format Version 12.00
# Visual Studio Version 17
VisualStudioVersion = 17.7.34031.279
MinimumVisualStudioVersion = 10.0.40219.1
Project("{FAE04EC0-301F-11D3-BF4B-00C04F79EFBC}") = "BookmarksManager", "BookmarksManager.csproj", "{9A811CD7-0FEF-4E5B-BE38-9C17EFC9F589}"
EndProject
Global
	GlobalSection(SolutionConfigurationPlatforms) = preSolution
		Debug|Any CPU = Debug|Any CPU
		Release|Any CPU = Release|Any CPU
	EndGlobalSection
	GlobalSection(ProjectConfigurationPlatforms) = postSolution
		{9A811CD7-0FEF-4E5B-BE38-9C17EFC9F589}.Debug|Any CPU.ActiveCfg = Debug|Any CPU
		{9A811CD7-0FEF-4E5B-BE38-9C17EFC9F589}.Debug|Any CPU.Build.0 = Debug|Any CPU
		{9A811CD7-0FEF-4E5B-BE38-9C17EFC9F589}.Release|Any CPU.ActiveCfg = Release|Any CPU
		{9A811CD7-0FEF-4E5B-BE38-9C17EFC9F589}.Release|Any CPU.Build.0 = Release|Any CPU
	EndGlobalSection
	GlobalSection(SolutionProperties) = preSolution
		HideSolutionNode = FALSE
	EndGlobalSection
	GlobalSection(ExtensibilityGlobals) = postSolution
		SolutionGuid = {C73795C0-9DBA-484A-B95A-12637316832C}
	EndGlobalSection
EndGlobal
